
Microsoft Visual Studio Solution File, Format Version 12.00
# Visual Studio 14
VisualStudioVersion = 14.0.23107.0
MinimumVisualStudioVersion = 10.0.40219.1
Project("{8BC9CEB8-8B4A-11D0-8D11-00A0C91BC942}") = "M_ServerTest", "..\M_ServerTest\M_ServerTest.vcxproj", "{492B6834-9B97-4EAB-82B8-FDAD4EA23F10}"
	ProjectSection(ProjectDependencies) = postProject
		{20AE7E10-3303-4215-89B2-5E80226069EB} = {20AE7E10-3303-4215-89B2-5E80226069EB}
		{52785239-9B15-35A3-BA33-9FDD40146C40} = {52785239-9B15-35A3-BA33-9FDD40146C40}
	EndProjectSection
EndProject
Project("{8BC9CEB8-8B4A-11D0-8D11-00A0C91BC942}") = "ECore", "..\ECore\ECore.vcxproj", "{20AE7E10-3303-4215-89B2-5E80226069EB}"
EndProject
Project("{8BC9CEB8-8B4A-11D0-8D11-00A0C91BC942}") = "MConsole", "..\MConsole\MConsole.vcxproj", "{52785239-9B15-35A3-BA33-9FDD40146C40}"
	ProjectSection(ProjectDependencies) = postProject
		{20AE7E10-3303-4215-89B2-5E80226069EB} = {20AE7E10-3303-4215-89B2-5E80226069EB}
	EndProjectSection
EndProject
Project("{8BC9CEB8-8B4A-11D0-8D11-00A0C91BC942}") = "Junbo", "C:\Users\admin\Documents\Visual Studio 2015\Projects\Project1\Project1\Project1.vcxproj", "{3616B293-6E40-4D0D-88F9-62977A1B8DBC}"
EndProject
Project("{8BC9CEB8-8B4A-11D0-8D11-00A0C91BC942}") = "Test", "Test\Test.vcxproj", "{BA5840D5-A63B-4568-A2E2-36ABEE46BFB2}"
EndProject
Global
	GlobalSection(SolutionConfigurationPlatforms) = preSolution
		Debug_Profile|Mixed Platforms = Debug_Profile|Mixed Platforms
		Debug_Profile|Win32 = Debug_Profile|Win32
		Debug_Profile|x64 = Debug_Profile|x64
		Debug|Mixed Platforms = Debug|Mixed Platforms
		Debug|Win32 = Debug|Win32
		Debug|x64 = Debug|x64
		Release_NoOptimize|Mixed Platforms = Release_NoOptimize|Mixed Platforms
		Release_NoOptimize|Win32 = Release_NoOptimize|Win32
		Release_NoOptimize|x64 = Release_NoOptimize|x64
		Release_Profile|Mixed Platforms = Release_Profile|Mixed Platforms
		Release_Profile|Win32 = Release_Profile|Win32
		Release_Profile|x64 = Release_Profile|x64
		Release|Mixed Platforms = Release|Mixed Platforms
		Release|Win32 = Release|Win32
		Release|x64 = Release|x64
	EndGlobalSection
	GlobalSection(ProjectConfigurationPlatforms) = postSolution
		{492B6834-9B97-4EAB-82B8-FDAD4EA23F10}.Debug_Profile|Mixed Platforms.ActiveCfg = Debug|Win32
		{492B6834-9B97-4EAB-82B8-FDAD4EA23F10}.Debug_Profile|Mixed Platforms.Build.0 = Debug|Win32
		{492B6834-9B97-4EAB-82B8-FDAD4EA23F10}.Debug_Profile|Win32.ActiveCfg = Debug|Win32
		{492B6834-9B97-4EAB-82B8-FDAD4EA23F10}.Debug_Profile|Win32.Build.0 = Debug|Win32
		{492B6834-9B97-4EAB-82B8-FDAD4EA23F10}.Debug_Profile|x64.ActiveCfg = Debug|x64
		{492B6834-9B97-4EAB-82B8-FDAD4EA23F10}.Debug_Profile|x64.Build.0 = Debug|x64
		{492B6834-9B97-4EAB-82B8-FDAD4EA23F10}.Debug|Mixed Platforms.ActiveCfg = Debug|Win32
		{492B6834-9B97-4EAB-82B8-FDAD4EA23F10}.Debug|Mixed Platforms.Build.0 = Debug|Win32
		{492B6834-9B97-4EAB-82B8-FDAD4EA23F10}.Debug|Win32.ActiveCfg = Debug|Win32
		{492B6834-9B97-4EAB-82B8-FDAD4EA23F10}.Debug|Win32.Build.0 = Debug|Win32
		{492B6834-9B97-4EAB-82B8-FDAD4EA23F10}.Debug|x64.ActiveCfg = Debug|x64
		{492B6834-9B97-4EAB-82B8-FDAD4EA23F10}.Debug|x64.Build.0 = Debug|x64
		{492B6834-9B97-4EAB-82B8-FDAD4EA23F10}.Release_NoOptimize|Mixed Platforms.ActiveCfg = Release|Win32
		{492B6834-9B97-4EAB-82B8-FDAD4EA23F10}.Release_NoOptimize|Mixed Platforms.Build.0 = Release|Win32
		{492B6834-9B97-4EAB-82B8-FDAD4EA23F10}.Release_NoOptimize|Win32.ActiveCfg = Release|Win32
		{492B6834-9B97-4EAB-82B8-FDAD4EA23F10}.Release_NoOptimize|Win32.Build.0 = Release|Win32
		{492B6834-9B97-4EAB-82B8-FDAD4EA23F10}.Release_NoOptimize|x64.ActiveCfg = Release|x64
		{492B6834-9B97-4EAB-82B8-FDAD4EA23F10}.Release_NoOptimize|x64.Build.0 = Release|x64
		{492B6834-9B97-4EAB-82B8-FDAD4EA23F10}.Release_Profile|Mixed Platforms.ActiveCfg = Release|Win32
		{492B6834-9B97-4EAB-82B8-FDAD4EA23F10}.Release_Profile|Mixed Platforms.Build.0 = Release|Win32
		{492B6834-9B97-4EAB-82B8-FDAD4EA23F10}.Release_Profile|Win32.ActiveCfg = Release|Win32
		{492B6834-9B97-4EAB-82B8-FDAD4EA23F10}.Release_Profile|Win32.Build.0 = Release|Win32
		{492B6834-9B97-4EAB-82B8-FDAD4EA23F10}.Release_Profile|x64.ActiveCfg = Release|x64
		{492B6834-9B97-4EAB-82B8-FDAD4EA23F10}.Release_Profile|x64.Build.0 = Release|x64
		{492B6834-9B97-4EAB-82B8-FDAD4EA23F10}.Release|Mixed Platforms.ActiveCfg = Release|Win32
		{492B6834-9B97-4EAB-82B8-FDAD4EA23F10}.Release|Mixed Platforms.Build.0 = Release|Win32
		{492B6834-9B97-4EAB-82B8-FDAD4EA23F10}.Release|Win32.ActiveCfg = Release|Win32
		{492B6834-9B97-4EAB-82B8-FDAD4EA23F10}.Release|Win32.Build.0 = Release|Win32
		{492B6834-9B97-4EAB-82B8-FDAD4EA23F10}.Release|x64.ActiveCfg = Release|Win32
		{20AE7E10-3303-4215-89B2-5E80226069EB}.Debug_Profile|Mixed Platforms.ActiveCfg = Debug_Profile|Win32
		{20AE7E10-3303-4215-89B2-5E80226069EB}.Debug_Profile|Mixed Platforms.Build.0 = Debug_Profile|Win32
		{20AE7E10-3303-4215-89B2-5E80226069EB}.Debug_Profile|Win32.ActiveCfg = Debug_Profile|Win32
		{20AE7E10-3303-4215-89B2-5E80226069EB}.Debug_Profile|Win32.Build.0 = Debug_Profile|Win32
		{20AE7E10-3303-4215-89B2-5E80226069EB}.Debug_Profile|x64.ActiveCfg = Debug_Profile|x64
		{20AE7E10-3303-4215-89B2-5E80226069EB}.Debug_Profile|x64.Build.0 = Debug_Profile|x64
		{20AE7E10-3303-4215-89B2-5E80226069EB}.Debug|Mixed Platforms.ActiveCfg = Debug|Win32
		{20AE7E10-3303-4215-89B2-5E80226069EB}.Debug|Mixed Platforms.Build.0 = Debug|Win32
		{20AE7E10-3303-4215-89B2-5E80226069EB}.Debug|Win32.ActiveCfg = Debug|Win32
		{20AE7E10-3303-4215-89B2-5E80226069EB}.Debug|Win32.Build.0 = Debug|Win32
		{20AE7E10-3303-4215-89B2-5E80226069EB}.Debug|x64.ActiveCfg = Debug|x64
		{20AE7E10-3303-4215-89B2-5E80226069EB}.Debug|x64.Build.0 = Debug|x64
		{20AE7E10-3303-4215-89B2-5E80226069EB}.Release_NoOptimize|Mixed Platforms.ActiveCfg = Release_NoOptimize|Win32
		{20AE7E10-3303-4215-89B2-5E80226069EB}.Release_NoOptimize|Mixed Platforms.Build.0 = Release_NoOptimize|Win32
		{20AE7E10-3303-4215-89B2-5E80226069EB}.Release_NoOptimize|Win32.ActiveCfg = Release_NoOptimize|Win32
		{20AE7E10-3303-4215-89B2-5E80226069EB}.Release_NoOptimize|Win32.Build.0 = Release_NoOptimize|Win32
		{20AE7E10-3303-4215-89B2-5E80226069EB}.Release_NoOptimize|x64.ActiveCfg = Release_NoOptimize|x64
		{20AE7E10-3303-4215-89B2-5E80226069EB}.Release_NoOptimize|x64.Build.0 = Release_NoOptimize|x64
		{20AE7E10-3303-4215-89B2-5E80226069EB}.Release_Profile|Mixed Platforms.ActiveCfg = Release_Profile|Win32
		{20AE7E10-3303-4215-89B2-5E80226069EB}.Release_Profile|Mixed Platforms.Build.0 = Release_Profile|Win32
		{20AE7E10-3303-4215-89B2-5E80226069EB}.Release_Profile|Win32.ActiveCfg = Release_Profile|Win32
		{20AE7E10-3303-4215-89B2-5E80226069EB}.Release_Profile|Win32.Build.0 = Release_Profile|Win32
		{20AE7E10-3303-4215-89B2-5E80226069EB}.Release_Profile|x64.ActiveCfg = Release_Profile|x64
		{20AE7E10-3303-4215-89B2-5E80226069EB}.Release_Profile|x64.Build.0 = Release_Profile|x64
		{20AE7E10-3303-4215-89B2-5E80226069EB}.Release|Mixed Platforms.ActiveCfg = Release|Win32
		{20AE7E10-3303-4215-89B2-5E80226069EB}.Release|Mixed Platforms.Build.0 = Release|Win32
		{20AE7E10-3303-4215-89B2-5E80226069EB}.Release|Win32.ActiveCfg = Release|Win32
		{20AE7E10-3303-4215-89B2-5E80226069EB}.Release|Win32.Build.0 = Release|Win32
		{20AE7E10-3303-4215-89B2-5E80226069EB}.Release|x64.ActiveCfg = Release|x64
		{20AE7E10-3303-4215-89B2-5E80226069EB}.Release|x64.Build.0 = Release|x64
		{52785239-9B15-35A3-BA33-9FDD40146C40}.Debug_Profile|Mixed Platforms.ActiveCfg = Debug|x64
		{52785239-9B15-35A3-BA33-9FDD40146C40}.Debug_Profile|Mixed Platforms.Build.0 = Debug|x64
		{52785239-9B15-35A3-BA33-9FDD40146C40}.Debug_Profile|Win32.ActiveCfg = Debug|x64
		{52785239-9B15-35A3-BA33-9FDD40146C40}.Debug_Profile|x64.ActiveCfg = Debug|x64
		{52785239-9B15-35A3-BA33-9FDD40146C40}.Debug_Profile|x64.Build.0 = Debug|x64
		{52785239-9B15-35A3-BA33-9FDD40146C40}.Debug|Mixed Platforms.ActiveCfg = Debug|x64
		{52785239-9B15-35A3-BA33-9FDD40146C40}.Debug|Mixed Platforms.Build.0 = Debug|x64
		{52785239-9B15-35A3-BA33-9FDD40146C40}.Debug|Win32.ActiveCfg = Debug|x64
		{52785239-9B15-35A3-BA33-9FDD40146C40}.Debug|x64.ActiveCfg = Debug|x64
		{52785239-9B15-35A3-BA33-9FDD40146C40}.Debug|x64.Build.0 = Debug|x64
		{52785239-9B15-35A3-BA33-9FDD40146C40}.Release_NoOptimize|Mixed Platforms.ActiveCfg = Release|x64
		{52785239-9B15-35A3-BA33-9FDD40146C40}.Release_NoOptimize|Mixed Platforms.Build.0 = Release|x64
		{52785239-9B15-35A3-BA33-9FDD40146C40}.Release_NoOptimize|Win32.ActiveCfg = Release|x64
		{52785239-9B15-35A3-BA33-9FDD40146C40}.Release_NoOptimize|x64.ActiveCfg = Release|x64
		{52785239-9B15-35A3-BA33-9FDD40146C40}.Release_NoOptimize|x64.Build.0 = Release|x64
		{52785239-9B15-35A3-BA33-9FDD40146C40}.Release_Profile|Mixed Platforms.ActiveCfg = Release|x64
		{52785239-9B15-35A3-BA33-9FDD40146C40}.Release_Profile|Mixed Platforms.Build.0 = Release|x64
		{52785239-9B15-35A3-BA33-9FDD40146C40}.Release_Profile|Win32.ActiveCfg = Release|x64
		{52785239-9B15-35A3-BA33-9FDD40146C40}.Release_Profile|x64.ActiveCfg = Release|x64
		{52785239-9B15-35A3-BA33-9FDD40146C40}.Release_Profile|x64.Build.0 = Release|x64
		{52785239-9B15-35A3-BA33-9FDD40146C40}.Release|Mixed Platforms.ActiveCfg = Release|x64
		{52785239-9B15-35A3-BA33-9FDD40146C40}.Release|Mixed Platforms.Build.0 = Release|x64
		{52785239-9B15-35A3-BA33-9FDD40146C40}.Release|Win32.ActiveCfg = Release|x64
		{52785239-9B15-35A3-BA33-9FDD40146C40}.Release|x64.ActiveCfg = Release|x64
		{52785239-9B15-35A3-BA33-9FDD40146C40}.Release|x64.Build.0 = Release|x64
		{3616B293-6E40-4D0D-88F9-62977A1B8DBC}.Debug_Profile|Mixed Platforms.ActiveCfg = Debug|Win32
		{3616B293-6E40-4D0D-88F9-62977A1B8DBC}.Debug_Profile|Mixed Platforms.Build.0 = Debug|Win32
		{3616B293-6E40-4D0D-88F9-62977A1B8DBC}.Debug_Profile|Win32.ActiveCfg = Debug|Win32
		{3616B293-6E40-4D0D-88F9-62977A1B8DBC}.Debug_Profile|Win32.Build.0 = Debug|Win32
		{3616B293-6E40-4D0D-88F9-62977A1B8DBC}.Debug_Profile|x64.ActiveCfg = Debug|x64
		{3616B293-6E40-4D0D-88F9-62977A1B8DBC}.Debug_Profile|x64.Build.0 = Debug|x64
		{3616B293-6E40-4D0D-88F9-62977A1B8DBC}.Debug|Mixed Platforms.ActiveCfg = Debug|Win32
		{3616B293-6E40-4D0D-88F9-62977A1B8DBC}.Debug|Mixed Platforms.Build.0 = Debug|Win32
		{3616B293-6E40-4D0D-88F9-62977A1B8DBC}.Debug|Win32.ActiveCfg = Debug|Win32
		{3616B293-6E40-4D0D-88F9-62977A1B8DBC}.Debug|Win32.Build.0 = Debug|Win32
		{3616B293-6E40-4D0D-88F9-62977A1B8DBC}.Debug|x64.ActiveCfg = Debug|x64
		{3616B293-6E40-4D0D-88F9-62977A1B8DBC}.Debug|x64.Build.0 = Debug|x64
		{3616B293-6E40-4D0D-88F9-62977A1B8DBC}.Release_NoOptimize|Mixed Platforms.ActiveCfg = Release|Win32
		{3616B293-6E40-4D0D-88F9-62977A1B8DBC}.Release_NoOptimize|Mixed Platforms.Build.0 = Release|Win32
		{3616B293-6E40-4D0D-88F9-62977A1B8DBC}.Release_NoOptimize|Win32.ActiveCfg = Release|Win32
		{3616B293-6E40-4D0D-88F9-62977A1B8DBC}.Release_NoOptimize|Win32.Build.0 = Release|Win32
		{3616B293-6E40-4D0D-88F9-62977A1B8DBC}.Release_NoOptimize|x64.ActiveCfg = Release|x64
		{3616B293-6E40-4D0D-88F9-62977A1B8DBC}.Release_NoOptimize|x64.Build.0 = Release|x64
		{3616B293-6E40-4D0D-88F9-62977A1B8DBC}.Release_Profile|Mixed Platforms.ActiveCfg = Release|Win32
		{3616B293-6E40-4D0D-88F9-62977A1B8DBC}.Release_Profile|Mixed Platforms.Build.0 = Release|Win32
		{3616B293-6E40-4D0D-88F9-62977A1B8DBC}.Release_Profile|Win32.ActiveCfg = Release|Win32
		{3616B293-6E40-4D0D-88F9-62977A1B8DBC}.Release_Profile|Win32.Build.0 = Release|Win32
		{3616B293-6E40-4D0D-88F9-62977A1B8DBC}.Release_Profile|x64.ActiveCfg = Release|x64
		{3616B293-6E40-4D0D-88F9-62977A1B8DBC}.Release_Profile|x64.Build.0 = Release|x64
		{3616B293-6E40-4D0D-88F9-62977A1B8DBC}.Release|Mixed Platforms.ActiveCfg = Release|Win32
		{3616B293-6E40-4D0D-88F9-62977A1B8DBC}.Release|Mixed Platforms.Build.0 = Release|Win32
		{3616B293-6E40-4D0D-88F9-62977A1B8DBC}.Release|Win32.ActiveCfg = Release|Win32
		{3616B293-6E40-4D0D-88F9-62977A1B8DBC}.Release|Win32.Build.0 = Release|Win32
		{3616B293-6E40-4D0D-88F9-62977A1B8DBC}.Release|x64.ActiveCfg = Release|x64
		{3616B293-6E40-4D0D-88F9-62977A1B8DBC}.Release|x64.Build.0 = Release|x64
		{BA5840D5-A63B-4568-A2E2-36ABEE46BFB2}.Debug_Profile|Mixed Platforms.ActiveCfg = Debug|Win32
		{BA5840D5-A63B-4568-A2E2-36ABEE46BFB2}.Debug_Profile|Mixed Platforms.Build.0 = Debug|Win32
		{BA5840D5-A63B-4568-A2E2-36ABEE46BFB2}.Debug_Profile|Win32.ActiveCfg = Debug|Win32
		{BA5840D5-A63B-4568-A2E2-36ABEE46BFB2}.Debug_Profile|Win32.Build.0 = Debug|Win32
		{BA5840D5-A63B-4568-A2E2-36ABEE46BFB2}.Debug_Profile|x64.ActiveCfg = Debug|x64
		{BA5840D5-A63B-4568-A2E2-36ABEE46BFB2}.Debug_Profile|x64.Build.0 = Debug|x64
		{BA5840D5-A63B-4568-A2E2-36ABEE46BFB2}.Debug|Mixed Platforms.ActiveCfg = Debug|Win32
		{BA5840D5-A63B-4568-A2E2-36ABEE46BFB2}.Debug|Mixed Platforms.Build.0 = Debug|Win32
		{BA5840D5-A63B-4568-A2E2-36ABEE46BFB2}.Debug|Win32.ActiveCfg = Debug|Win32
		{BA5840D5-A63B-4568-A2E2-36ABEE46BFB2}.Debug|Win32.Build.0 = Debug|Win32
		{BA5840D5-A63B-4568-A2E2-36ABEE46BFB2}.Debug|x64.ActiveCfg = Debug|x64
		{BA5840D5-A63B-4568-A2E2-36ABEE46BFB2}.Debug|x64.Build.0 = Debug|x64
		{BA5840D5-A63B-4568-A2E2-36ABEE46BFB2}.Release_NoOptimize|Mixed Platforms.ActiveCfg = Release|Win32
		{BA5840D5-A63B-4568-A2E2-36ABEE46BFB2}.Release_NoOptimize|Mixed Platforms.Build.0 = Release|Win32
		{BA5840D5-A63B-4568-A2E2-36ABEE46BFB2}.Release_NoOptimize|Win32.ActiveCfg = Release|Win32
		{BA5840D5-A63B-4568-A2E2-36ABEE46BFB2}.Release_NoOptimize|Win32.Build.0 = Release|Win32
		{BA5840D5-A63B-4568-A2E2-36ABEE46BFB2}.Release_NoOptimize|x64.ActiveCfg = Release|x64
		{BA5840D5-A63B-4568-A2E2-36ABEE46BFB2}.Release_NoOptimize|x64.Build.0 = Release|x64
		{BA5840D5-A63B-4568-A2E2-36ABEE46BFB2}.Release_Profile|Mixed Platforms.ActiveCfg = Release|Win32
		{BA5840D5-A63B-4568-A2E2-36ABEE46BFB2}.Release_Profile|Mixed Platforms.Build.0 = Release|Win32
		{BA5840D5-A63B-4568-A2E2-36ABEE46BFB2}.Release_Profile|Win32.ActiveCfg = Release|Win32
		{BA5840D5-A63B-4568-A2E2-36ABEE46BFB2}.Release_Profile|Win32.Build.0 = Release|Win32
		{BA5840D5-A63B-4568-A2E2-36ABEE46BFB2}.Release_Profile|x64.ActiveCfg = Release|x64
		{BA5840D5-A63B-4568-A2E2-36ABEE46BFB2}.Release_Profile|x64.Build.0 = Release|x64
		{BA5840D5-A63B-4568-A2E2-36ABEE46BFB2}.Release|Mixed Platforms.ActiveCfg = Release|Win32
		{BA5840D5-A63B-4568-A2E2-36ABEE46BFB2}.Release|Mixed Platforms.Build.0 = Release|Win32
		{BA5840D5-A63B-4568-A2E2-36ABEE46BFB2}.Release|Win32.ActiveCfg = Release|Win32
		{BA5840D5-A63B-4568-A2E2-36ABEE46BFB2}.Release|Win32.Build.0 = Release|Win32
		{BA5840D5-A63B-4568-A2E2-36ABEE46BFB2}.Release|x64.ActiveCfg = Release|x64
		{BA5840D5-A63B-4568-A2E2-36ABEE46BFB2}.Release|x64.Build.0 = Release|x64
	EndGlobalSection
	GlobalSection(SolutionProperties) = preSolution
		HideSolutionNode = FALSE
	EndGlobalSection
EndGlobal
