<?xml version="1.0" encoding="utf-8"?>
<Project ToolsVersion="4.0" xmlns="http://schemas.microsoft.com/developer/msbuild/2003">
  <ItemGroup>
    <Filter Include="Source Files">
      <UniqueIdentifier>{cf7cb794-e17d-4332-aa57-3ba4bf2c7260}</UniqueIdentifier>
      <Extensions>cpp;c;cxx;rc;def;r;odl;idl;hpj;bat</Extensions>
    </Filter>
    <Filter Include="Header Files">
      <UniqueIdentifier>{54889cb8-0691-401d-b818-61de3e868f07}</UniqueIdentifier>
      <Extensions>h;hpp;hxx;hm;inl</Extensions>
    </Filter>
    <Filter Include="Resource Files">
      <UniqueIdentifier>{febee4d0-8f9f-4eee-84ae-978385ee84a9}</UniqueIdentifier>
      <Extensions>ico;cur;bmp;dlg;rc2;rct;bin;rgs;gif;jpg;jpeg;jpe</Extensions>
    </Filter>
  </ItemGroup>
  <ItemGroup>
    <ClCompile Include="ftpclass.cpp">
      <Filter>Source Files</Filter>
    </ClCompile>
    <ClCompile Include="InitFile.cpp">
      <Filter>Source Files</Filter>
    </ClCompile>
    <ClCompile Include="LocalInfo.cpp">
      <Filter>Source Files</Filter>
    </ClCompile>
    <ClCompile Include="MFNetTraffic.cpp">
      <Filter>Source Files</Filter>
    </ClCompile>
    <ClCompile Include="MoniClient.cpp">
      <Filter>Source Files</Filter>
    </ClCompile>
    <ClCompile Include="MoniClientDlg.cpp">
      <Filter>Source Files</Filter>
    </ClCompile>
    <ClCompile Include="MoniInfoDlg.cpp">
      <Filter>Source Files</Filter>
    </ClCompile>
    <ClCompile Include="StdAfx.cpp">
      <Filter>Source Files</Filter>
    </ClCompile>
    <ClCompile Include="ThreadRecvBroadcastData.cpp">
      <Filter>Source Files</Filter>
    </ClCompile>
    <ClCompile Include="UDPReceiver.cpp">
      <Filter>Source Files</Filter>
    </ClCompile>
    <ClCompile Include="UDPSender.cpp">
      <Filter>Source Files</Filter>
    </ClCompile>
  </ItemGroup>
  <ItemGroup>
    <ResourceCompile Include="MoniClient.rc">
      <Filter>Source Files</Filter>
    </ResourceCompile>
  </ItemGroup>
  <ItemGroup>
    <None Include="res\MoniClient.rc2">
      <Filter>Source Files</Filter>
    </None>
    <None Include="res\icon1.ico">
      <Filter>Resource Files</Filter>
    </None>
    <None Include="..\..\..\..\C#相关资料\资料_10-12(图标工具和图标)\截出来的图标等\icon1.ico">
      <Filter>Resource Files</Filter>
    </None>
    <None Include="res\icon2.ico">
      <Filter>Resource Files</Filter>
    </None>
    <None Include="res\icon3.ico">
      <Filter>Resource Files</Filter>
    </None>
    <None Include="res\MoniClient.ico">
      <Filter>Resource Files</Filter>
    </None>
    <None Include="VTune\MoniClient.vpj" />
    <None Include="ReadMe.txt" />
  </ItemGroup>
  <ItemGroup>
    <ClInclude Include="ftpclass.h">
      <Filter>Header Files</Filter>
    </ClInclude>
    <ClInclude Include="InitFile.h">
      <Filter>Header Files</Filter>
    </ClInclude>
    <ClInclude Include="LocalInfo.h">
      <Filter>Header Files</Filter>
    </ClInclude>
    <ClInclude Include="MFNetTraffic.h">
      <Filter>Header Files</Filter>
    </ClInclude>
    <ClInclude Include="MoniClient.h">
      <Filter>Header Files</Filter>
    </ClInclude>
    <ClInclude Include="MoniClientDlg.h">
      <Filter>Header Files</Filter>
    </ClInclude>
    <ClInclude Include="MoniInfoDlg.h">
      <Filter>Header Files</Filter>
    </ClInclude>
    <ClInclude Include="Resource.h">
      <Filter>Header Files</Filter>
    </ClInclude>
    <ClInclude Include="StdAfx.h">
      <Filter>Header Files</Filter>
    </ClInclude>
    <ClInclude Include="ThreadRecvBroadcastData.h">
      <Filter>Header Files</Filter>
    </ClInclude>
    <ClInclude Include="UDPReceiver.h">
      <Filter>Header Files</Filter>
    </ClInclude>
    <ClInclude Include="UDPSender.h">
      <Filter>Header Files</Filter>
    </ClInclude>
  </ItemGroup>
</Project>